
Microsoft Visual Studio Solution File, Format Version 12.00
# Visual Studio Version 17
VisualStudioVersion = 17.0.31903.59
MinimumVisualStudioVersion = 10.0.40219.1
Project("{2150E333-8FDC-42A3-9474-1A3956D46DE8}") = "src", "src", "{827E0CD3-B72D-47B6-A68D-7590B98EB39B}"
EndProject
Project("{FAE04EC0-301F-11D3-BF4B-00C04F79EFBC}") = "MemoryGraph", "src\MemoryGraph\MemoryGraph.csproj", "{83F91D3C-9E83-413D-9136-277F41468F87}"
EndProject
Project("{2150E333-8FDC-42A3-9474-1A3956D46DE8}") = "tests", "tests", "{0AB3BF05-4346-4AA6-1389-037BE0695223}"
EndProject
Project("{FAE04EC0-301F-11D3-BF4B-00C04F79EFBC}") = "MemoryGraph.Tests", "tests\MemoryGraph.Tests\MemoryGraph.Tests.csproj", "{BE7EB0D9-78BA-407C-8591-CE9C4A647E6E}"
EndProject
Global
	GlobalSection(SolutionConfigurationPlatforms) = preSolution
		Debug|Any CPU = Debug|Any CPU
		Debug|x64 = Debug|x64
		Debug|x86 = Debug|x86
		Release|Any CPU = Release|Any CPU
		Release|x64 = Release|x64
		Release|x86 = Release|x86
	EndGlobalSection
	GlobalSection(ProjectConfigurationPlatforms) = postSolution
		{83F91D3C-9E83-413D-9136-277F41468F87}.Debug|Any CPU.ActiveCfg = Debug|Any CPU
		{83F91D3C-9E83-413D-9136-277F41468F87}.Debug|Any CPU.Build.0 = Debug|Any CPU
		{83F91D3C-9E83-413D-9136-277F41468F87}.Debug|x64.ActiveCfg = Debug|Any CPU
		{83F91D3C-9E83-413D-9136-277F41468F87}.Debug|x64.Build.0 = Debug|Any CPU
		{83F91D3C-9E83-413D-9136-277F41468F87}.Debug|x86.ActiveCfg = Debug|Any CPU
		{83F91D3C-9E83-413D-9136-277F41468F87}.Debug|x86.Build.0 = Debug|Any CPU
		{83F91D3C-9E83-413D-9136-277F41468F87}.Release|Any CPU.ActiveCfg = Release|Any CPU
		{83F91D3C-9E83-413D-9136-277F41468F87}.Release|Any CPU.Build.0 = Release|Any CPU
		{83F91D3C-9E83-413D-9136-277F41468F87}.Release|x64.ActiveCfg = Release|Any CPU
		{83F91D3C-9E83-413D-9136-277F41468F87}.Release|x64.Build.0 = Release|Any CPU
		{83F91D3C-9E83-413D-9136-277F41468F87}.Release|x86.ActiveCfg = Release|Any CPU
		{83F91D3C-9E83-413D-9136-277F41468F87}.Release|x86.Build.0 = Release|Any CPU
		{BE7EB0D9-78BA-407C-8591-CE9C4A647E6E}.Debug|Any CPU.ActiveCfg = Debug|Any CPU
		{BE7EB0D9-78BA-407C-8591-CE9C4A647E6E}.Debug|Any CPU.Build.0 = Debug|Any CPU
		{BE7EB0D9-78BA-407C-8591-CE9C4A647E6E}.Debug|x64.ActiveCfg = Debug|Any CPU
		{BE7EB0D9-78BA-407C-8591-CE9C4A647E6E}.Debug|x64.Build.0 = Debug|Any CPU
		{BE7EB0D9-78BA-407C-8591-CE9C4A647E6E}.Debug|x86.ActiveCfg = Debug|Any CPU
		{BE7EB0D9-78BA-407C-8591-CE9C4A647E6E}.Debug|x86.Build.0 = Debug|Any CPU
		{BE7EB0D9-78BA-407C-8591-CE9C4A647E6E}.Release|Any CPU.ActiveCfg = Release|Any CPU
		{BE7EB0D9-78BA-407C-8591-CE9C4A647E6E}.Release|Any CPU.Build.0 = Release|Any CPU
		{BE7EB0D9-78BA-407C-8591-CE9C4A647E6E}.Release|x64.ActiveCfg = Release|Any CPU
		{BE7EB0D9-78BA-407C-8591-CE9C4A647E6E}.Release|x64.Build.0 = Release|Any CPU
		{BE7EB0D9-78BA-407C-8591-CE9C4A647E6E}.Release|x86.ActiveCfg = Release|Any CPU
		{BE7EB0D9-78BA-407C-8591-CE9C4A647E6E}.Release|x86.Build.0 = Release|Any CPU
	EndGlobalSection
	GlobalSection(SolutionProperties) = preSolution
		HideSolutionNode = FALSE
	EndGlobalSection
	GlobalSection(NestedProjects) = preSolution
		{83F91D3C-9E83-413D-9136-277F41468F87} = {827E0CD3-B72D-47B6-A68D-7590B98EB39B}
		{BE7EB0D9-78BA-407C-8591-CE9C4A647E6E} = {0AB3BF05-4346-4AA6-1389-037BE0695223}
	EndGlobalSection
EndGlobal
